// !$*UTF8*$!
{
	archiveVersion = 1;
	classes = {
	};
	objectVersion = 48;
	objects = {

/* Begin PBXBuildFile section */
		2D06500A21B6635500B744CC /* ProfileVC.swift in Sources */ = {isa = PBXBuildFile; fileRef = 2D06500221B6635500B744CC /* ProfileVC.swift */; };
		2D06500B21B6635500B744CC /* UploadImageVC.swift in Sources */ = {isa = PBXBuildFile; fileRef = 2D06500321B6635500B744CC /* UploadImageVC.swift */; };
		2D06500C21B6635500B744CC /* RegisterVC.swift in Sources */ = {isa = PBXBuildFile; fileRef = 2D06500421B6635500B744CC /* RegisterVC.swift */; };
		2D06500D21B6635500B744CC /* Project.swift in Sources */ = {isa = PBXBuildFile; fileRef = 2D06500521B6635500B744CC /* Project.swift */; };
		2D06500E21B6635500B744CC /* LoginVC.swift in Sources */ = {isa = PBXBuildFile; fileRef = 2D06500621B6635500B744CC /* LoginVC.swift */; };
		2D06500F21B6635500B744CC /* ViewController.swift in Sources */ = {isa = PBXBuildFile; fileRef = 2D06500721B6635500B744CC /* ViewController.swift */; };
		2D06501021B6635500B744CC /* TableViewCell.swift in Sources */ = {isa = PBXBuildFile; fileRef = 2D06500821B6635500B744CC /* TableViewCell.swift */; };
		2D06501B21B663F500B744CC /* ListCell.swift in Sources */ = {isa = PBXBuildFile; fileRef = 2D06501921B663F500B744CC /* ListCell.swift */; };
		2D06501C21B663F500B744CC /* ListCell.xib in Resources */ = {isa = PBXBuildFile; fileRef = 2D06501A21B663F500B744CC /* ListCell.xib */; };
		2D06502221B68BC700B744CC /* CodeableVC.swift in Sources */ = {isa = PBXBuildFile; fileRef = 2D06502121B68BC700B744CC /* CodeableVC.swift */; };
		2D06502521B6906400B744CC /* CodableleList.swift in Sources */ = {isa = PBXBuildFile; fileRef = 2D06502321B6906400B744CC /* CodableleList.swift */; };
		2D06502621B6906400B744CC /* CodableleList.xib in Resources */ = {isa = PBXBuildFile; fileRef = 2D06502421B6906400B744CC /* CodableleList.xib */; };
		2D06502921B698C500B744CC /* countryModel.swift in Sources */ = {isa = PBXBuildFile; fileRef = 2D06502721B698C500B744CC /* countryModel.swift */; };
		2D06502A21B698C500B744CC /* CountryData.swift in Sources */ = {isa = PBXBuildFile; fileRef = 2D06502821B698C500B744CC /* CountryData.swift */; };
		2D06502D21B6A62100B744CC /* CountryMainModel.swift in Sources */ = {isa = PBXBuildFile; fileRef = 2D06502B21B6A62100B744CC /* CountryMainModel.swift */; };
		2D06502E21B6A62100B744CC /* Data.swift in Sources */ = {isa = PBXBuildFile; fileRef = 2D06502C21B6A62100B744CC /* Data.swift */; };
		2D1ED22E21BA451800C562F6 /* RPicker.swift in Sources */ = {isa = PBXBuildFile; fileRef = 2D1ED22D21BA451800C562F6 /* RPicker.swift */; };
		2D2A8EAF21AE6F0A00ED7101 /* GoogleService-Info.plist in Resources */ = {isa = PBXBuildFile; fileRef = 2D2A8EAE21AE6F0A00ED7101 /* GoogleService-Info.plist */; };
		2D2C196921A8294900D770AA /* Address.swift in Sources */ = {isa = PBXBuildFile; fileRef = 2D2C196521A8294900D770AA /* Address.swift */; };
		2D2C196A21A8294900D770AA /* Company.swift in Sources */ = {isa = PBXBuildFile; fileRef = 2D2C196621A8294900D770AA /* Company.swift */; };
		2D2C196B21A8294900D770AA /* Geo.swift in Sources */ = {isa = PBXBuildFile; fileRef = 2D2C196721A8294900D770AA /* Geo.swift */; };
		2D2C196C21A8294900D770AA /* MainModelData.swift in Sources */ = {isa = PBXBuildFile; fileRef = 2D2C196821A8294900D770AA /* MainModelData.swift */; };
		2D7A59C421CBADCE00FB7D5B /* Company1.swift in Sources */ = {isa = PBXBuildFile; fileRef = 2D7A59C021CBADCD00FB7D5B /* Company1.swift */; };
		2D7A59C521CBADCE00FB7D5B /*  address1.swift in Sources */ = {isa = PBXBuildFile; fileRef = 2D7A59C121CBADCD00FB7D5B /*  address1.swift */; };
		2D7A59C621CBADCE00FB7D5B /* MainUrlDataModel.swift in Sources */ = {isa = PBXBuildFile; fileRef = 2D7A59C221CBADCD00FB7D5B /* MainUrlDataModel.swift */; };
		2D7A59C721CBADCE00FB7D5B /* Geo1.swift in Sources */ = {isa = PBXBuildFile; fileRef = 2D7A59C321CBADCE00FB7D5B /* Geo1.swift */; };
		2D7D68BE21B935CC003A9173 /* Photos.swift in Sources */ = {isa = PBXBuildFile; fileRef = 2D7D68B421B935CB003A9173 /* Photos.swift */; };
		2D7D68BF21B935CC003A9173 /* Viewport.swift in Sources */ = {isa = PBXBuildFile; fileRef = 2D7D68B521B935CB003A9173 /* Viewport.swift */; };
		2D7D68C021B935CC003A9173 /* Opening_hours.swift in Sources */ = {isa = PBXBuildFile; fileRef = 2D7D68B621B935CB003A9173 /* Opening_hours.swift */; };
		2D7D68C121B935CC003A9173 /* Northeast.swift in Sources */ = {isa = PBXBuildFile; fileRef = 2D7D68B721B935CB003A9173 /* Northeast.swift */; };
		2D7D68C221B935CC003A9173 /* Location.swift in Sources */ = {isa = PBXBuildFile; fileRef = 2D7D68B821B935CB003A9173 /* Location.swift */; };
		2D7D68C321B935CC003A9173 /* Plus_code.swift in Sources */ = {isa = PBXBuildFile; fileRef = 2D7D68B921B935CB003A9173 /* Plus_code.swift */; };
		2D7D68C421B935CC003A9173 /* Geometry.swift in Sources */ = {isa = PBXBuildFile; fileRef = 2D7D68BA21B935CB003A9173 /* Geometry.swift */; };
		2D7D68C521B935CC003A9173 /* Results.swift in Sources */ = {isa = PBXBuildFile; fileRef = 2D7D68BB21B935CB003A9173 /* Results.swift */; };
		2D7D68C621B935CC003A9173 /* Southwest.swift in Sources */ = {isa = PBXBuildFile; fileRef = 2D7D68BC21B935CB003A9173 /* Southwest.swift */; };
		2D7D68C721B935CC003A9173 /* AllMainData.swift in Sources */ = {isa = PBXBuildFile; fileRef = 2D7D68BD21B935CB003A9173 /* AllMainData.swift */; };
		2D8622EC20DCCD12002A683C /* AppDelegate.swift in Sources */ = {isa = PBXBuildFile; fileRef = 2D8622EB20DCCD12002A683C /* AppDelegate.swift */; };
		2D8622F120DCCD12002A683C /* Main.storyboard in Resources */ = {isa = PBXBuildFile; fileRef = 2D8622EF20DCCD12002A683C /* Main.storyboard */; };
		2D8622F320DCCD12002A683C /* Assets.xcassets in Resources */ = {isa = PBXBuildFile; fileRef = 2D8622F220DCCD12002A683C /* Assets.xcassets */; };
		2D8622F620DCCD12002A683C /* LaunchScreen.storyboard in Resources */ = {isa = PBXBuildFile; fileRef = 2D8622F420DCCD12002A683C /* LaunchScreen.storyboard */; };
		2D86230120DCCD13002A683C /* AlamafireDemoTests.swift in Sources */ = {isa = PBXBuildFile; fileRef = 2D86230020DCCD13002A683C /* AlamafireDemoTests.swift */; };
		2D86230C20DCCD13002A683C /* AlamafireDemoUITests.swift in Sources */ = {isa = PBXBuildFile; fileRef = 2D86230B20DCCD13002A683C /* AlamafireDemoUITests.swift */; };
		2DABC6D621D0FFE200EF6701 /* SendDataVC.swift in Sources */ = {isa = PBXBuildFile; fileRef = 2DABC6D521D0FFE200EF6701 /* SendDataVC.swift */; };
		2DABC6DB21D1113A00EF6701 /* MainAddress.swift in Sources */ = {isa = PBXBuildFile; fileRef = 2DABC6D721D1113A00EF6701 /* MainAddress.swift */; };
		2DABC6DC21D1113A00EF6701 /* MainCompany.swift in Sources */ = {isa = PBXBuildFile; fileRef = 2DABC6D821D1113A00EF6701 /* MainCompany.swift */; };
		2DABC6DD21D1113A00EF6701 /* MainCodeAbleJson.swift in Sources */ = {isa = PBXBuildFile; fileRef = 2DABC6D921D1113A00EF6701 /* MainCodeAbleJson.swift */; };
		2DABC6DE21D1113A00EF6701 /* MainGeo.swift in Sources */ = {isa = PBXBuildFile; fileRef = 2DABC6DA21D1113A00EF6701 /* MainGeo.swift */; };
		2DAFADD721CCC8C500BF0F88 /* CountryData1.swift in Sources */ = {isa = PBXBuildFile; fileRef = 2DAFADD521CCC8C500BF0F88 /* CountryData1.swift */; };
		2DAFADD821CCC8C500BF0F88 /* CountryListMain.swift in Sources */ = {isa = PBXBuildFile; fileRef = 2DAFADD621CCC8C500BF0F88 /* CountryListMain.swift */; };
		2DC5573D21B7A0AC000E77AF /* SqlProfileCell.swift in Sources */ = {isa = PBXBuildFile; fileRef = 2DC5573B21B7A0AC000E77AF /* SqlProfileCell.swift */; };
		2DC5573E21B7A0AC000E77AF /* SqlProfileCell.xib in Resources */ = {isa = PBXBuildFile; fileRef = 2DC5573C21B7A0AC000E77AF /* SqlProfileCell.xib */; };
		2DC5574021B7A0BD000E77AF /* SqlProfileVC.swift in Sources */ = {isa = PBXBuildFile; fileRef = 2DC5573F21B7A0BD000E77AF /* SqlProfileVC.swift */; };
		2DC5574321B7B3EF000E77AF /* Constant.swift in Sources */ = {isa = PBXBuildFile; fileRef = 2DC5574221B7B3EF000E77AF /* Constant.swift */; };
		2DC5574721B7C7CD000E77AF /* UITextField+TextFieldFunc.swift in Sources */ = {isa = PBXBuildFile; fileRef = 2DC5574621B7C7CD000E77AF /* UITextField+TextFieldFunc.swift */; };
		2DC5574921B7C9E0000E77AF /* UIDate+GlobalDateFunc.swift in Sources */ = {isa = PBXBuildFile; fileRef = 2DC5574821B7C9E0000E77AF /* UIDate+GlobalDateFunc.swift */; };
		2DC5574B21B7CA22000E77AF /* UIImage+GlobalImageFunc.swift in Sources */ = {isa = PBXBuildFile; fileRef = 2DC5574A21B7CA22000E77AF /* UIImage+GlobalImageFunc.swift */; };
		2DC5574D21B7CA6E000E77AF /* UIColor+GlobalUIColorFunc.swift in Sources */ = {isa = PBXBuildFile; fileRef = 2DC5574C21B7CA6E000E77AF /* UIColor+GlobalUIColorFunc.swift */; };
		2DC5575221B7DA87000E77AF /* new.swift in Sources */ = {isa = PBXBuildFile; fileRef = 2DC5574F21B7DA87000E77AF /* new.swift */; };
		2DC5575321B7DA87000E77AF /* String+Shortcuts.swift in Sources */ = {isa = PBXBuildFile; fileRef = 2DC5575021B7DA87000E77AF /* String+Shortcuts.swift */; };
		2DC5575421B7DA87000E77AF /* UIColor+CustomColor.swift in Sources */ = {isa = PBXBuildFile; fileRef = 2DC5575121B7DA87000E77AF /* UIColor+CustomColor.swift */; };
		2DC5575621B7E2E8000E77AF /* UIAlertView+GlobelFunc.swift in Sources */ = {isa = PBXBuildFile; fileRef = 2DC5575521B7E2E8000E77AF /* UIAlertView+GlobelFunc.swift */; };
		2DC5575C21B804CA000E77AF /* libsqlite3.tbd in Frameworks */ = {isa = PBXBuildFile; fileRef = 2DC5575B21B804CA000E77AF /* libsqlite3.tbd */; };
		2DFC542921A6AE97002393A3 /* ContactMainModel.swift in Sources */ = {isa = PBXBuildFile; fileRef = 2DFC542621A6AE97002393A3 /* ContactMainModel.swift */; };
		2DFC542A21A6AE97002393A3 /* Phone.swift in Sources */ = {isa = PBXBuildFile; fileRef = 2DFC542721A6AE97002393A3 /* Phone.swift */; };
		2DFC542B21A6AE97002393A3 /* Contacts.swift in Sources */ = {isa = PBXBuildFile; fileRef = 2DFC542821A6AE97002393A3 /* Contacts.swift */; };
		2DFF22B721D1FB6D00DFFD75 /* UIWindow.swift in Sources */ = {isa = PBXBuildFile; fileRef = 2DFF22B621D1FB6D00DFFD75 /* UIWindow.swift */; };
		2DFF22B921D2459E00DFFD75 /* TagVC.swift in Sources */ = {isa = PBXBuildFile; fileRef = 2DFF22B821D2459E00DFFD75 /* TagVC.swift */; };
		2DFF22BB21D259F800DFFD75 /* DynamicVC.swift in Sources */ = {isa = PBXBuildFile; fileRef = 2DFF22BA21D259F800DFFD75 /* DynamicVC.swift */; };
		2DFF22BD21D268DD00DFFD75 /* UIView+Method.swift in Sources */ = {isa = PBXBuildFile; fileRef = 2DFF22BC21D268DD00DFFD75 /* UIView+Method.swift */; };
		B53F2D676F39D576A5CEA9CD /* Pods_AlamafireDemo.framework in Frameworks */ = {isa = PBXBuildFile; fileRef = A10FBE1D4ADAC62B10344C84 /* Pods_AlamafireDemo.framework */; };
/* End PBXBuildFile section */

/* Begin PBXContainerItemProxy section */
		2D8622FD20DCCD13002A683C /* PBXContainerItemProxy */ = {
			isa = PBXContainerItemProxy;
			containerPortal = 2D8622E020DCCD12002A683C /* Project object */;
			proxyType = 1;
			remoteGlobalIDString = 2D8622E720DCCD12002A683C;
			remoteInfo = AlamafireDemo;
		};
		2D86230820DCCD13002A683C /* PBXContainerItemProxy */ = {
			isa = PBXContainerItemProxy;
			containerPortal = 2D8622E020DCCD12002A683C /* Project object */;
			proxyType = 1;
			remoteGlobalIDString = 2D8622E720DCCD12002A683C;
			remoteInfo = AlamafireDemo;
		};
/* End PBXContainerItemProxy section */

/* Begin PBXFileReference section */
		2D06500221B6635500B744CC /* ProfileVC.swift */ = {isa = PBXFileReference; fileEncoding = 4; lastKnownFileType = sourcecode.swift; path = ProfileVC.swift; sourceTree = "<group>"; };
		2D06500321B6635500B744CC /* UploadImageVC.swift */ = {isa = PBXFileReference; fileEncoding = 4; lastKnownFileType = sourcecode.swift; path = UploadImageVC.swift; sourceTree = "<group>"; };
		2D06500421B6635500B744CC /* RegisterVC.swift */ = {isa = PBXFileReference; fileEncoding = 4; lastKnownFileType = sourcecode.swift; path = RegisterVC.swift; sourceTree = "<group>"; };
		2D06500521B6635500B744CC /* Project.swift */ = {isa = PBXFileReference; fileEncoding = 4; lastKnownFileType = sourcecode.swift; path = Project.swift; sourceTree = "<group>"; };
		2D06500621B6635500B744CC /* LoginVC.swift */ = {isa = PBXFileReference; fileEncoding = 4; lastKnownFileType = sourcecode.swift; path = LoginVC.swift; sourceTree = "<group>"; };
		2D06500721B6635500B744CC /* ViewController.swift */ = {isa = PBXFileReference; fileEncoding = 4; lastKnownFileType = sourcecode.swift; path = ViewController.swift; sourceTree = "<group>"; };
		2D06500821B6635500B744CC /* TableViewCell.swift */ = {isa = PBXFileReference; fileEncoding = 4; lastKnownFileType = sourcecode.swift; path = TableViewCell.swift; sourceTree = "<group>"; };
		2D06501921B663F500B744CC /* ListCell.swift */ = {isa = PBXFileReference; lastKnownFileType = sourcecode.swift; path = ListCell.swift; sourceTree = "<group>"; };
		2D06501A21B663F500B744CC /* ListCell.xib */ = {isa = PBXFileReference; lastKnownFileType = file.xib; path = ListCell.xib; sourceTree = "<group>"; };
		2D06502121B68BC700B744CC /* CodeableVC.swift */ = {isa = PBXFileReference; lastKnownFileType = sourcecode.swift; path = CodeableVC.swift; sourceTree = "<group>"; };
		2D06502321B6906400B744CC /* CodableleList.swift */ = {isa = PBXFileReference; lastKnownFileType = sourcecode.swift; path = CodableleList.swift; sourceTree = "<group>"; };
		2D06502421B6906400B744CC /* CodableleList.xib */ = {isa = PBXFileReference; lastKnownFileType = file.xib; path = CodableleList.xib; sourceTree = "<group>"; };
		2D06502721B698C500B744CC /* countryModel.swift */ = {isa = PBXFileReference; fileEncoding = 4; lastKnownFileType = sourcecode.swift; path = countryModel.swift; sourceTree = "<group>"; };
		2D06502821B698C500B744CC /* CountryData.swift */ = {isa = PBXFileReference; fileEncoding = 4; lastKnownFileType = sourcecode.swift; path = CountryData.swift; sourceTree = "<group>"; };
		2D06502B21B6A62100B744CC /* CountryMainModel.swift */ = {isa = PBXFileReference; fileEncoding = 4; lastKnownFileType = sourcecode.swift; path = CountryMainModel.swift; sourceTree = "<group>"; };
		2D06502C21B6A62100B744CC /* Data.swift */ = {isa = PBXFileReference; fileEncoding = 4; lastKnownFileType = sourcecode.swift; path = Data.swift; sourceTree = "<group>"; };
		2D1ED22D21BA451800C562F6 /* RPicker.swift */ = {isa = PBXFileReference; fileEncoding = 4; lastKnownFileType = sourcecode.swift; name = RPicker.swift; path = "../../../../../Downloads/RPicker-master 2/RPicker/RPicker.swift"; sourceTree = "<group>"; };
		2D2A8EAE21AE6F0A00ED7101 /* GoogleService-Info.plist */ = {isa = PBXFileReference; fileEncoding = 4; lastKnownFileType = text.plist.xml; path = "GoogleService-Info.plist"; sourceTree = "<group>"; };
		2D2C196521A8294900D770AA /* Address.swift */ = {isa = PBXFileReference; fileEncoding = 4; lastKnownFileType = sourcecode.swift; path = Address.swift; sourceTree = "<group>"; };
		2D2C196621A8294900D770AA /* Company.swift */ = {isa = PBXFileReference; fileEncoding = 4; lastKnownFileType = sourcecode.swift; path = Company.swift; sourceTree = "<group>"; };
		2D2C196721A8294900D770AA /* Geo.swift */ = {isa = PBXFileReference; fileEncoding = 4; lastKnownFileType = sourcecode.swift; path = Geo.swift; sourceTree = "<group>"; };
		2D2C196821A8294900D770AA /* MainModelData.swift */ = {isa = PBXFileReference; fileEncoding = 4; lastKnownFileType = sourcecode.swift; path = MainModelData.swift; sourceTree = "<group>"; };
		2D7A59C021CBADCD00FB7D5B /* Company1.swift */ = {isa = PBXFileReference; fileEncoding = 4; lastKnownFileType = sourcecode.swift; path = Company1.swift; sourceTree = "<group>"; };
		2D7A59C121CBADCD00FB7D5B /*  address1.swift */ = {isa = PBXFileReference; fileEncoding = 4; lastKnownFileType = sourcecode.swift; path = " address1.swift"; sourceTree = "<group>"; };
		2D7A59C221CBADCD00FB7D5B /* MainUrlDataModel.swift */ = {isa = PBXFileReference; fileEncoding = 4; lastKnownFileType = sourcecode.swift; path = MainUrlDataModel.swift; sourceTree = "<group>"; };
		2D7A59C321CBADCE00FB7D5B /* Geo1.swift */ = {isa = PBXFileReference; fileEncoding = 4; lastKnownFileType = sourcecode.swift; path = Geo1.swift; sourceTree = "<group>"; };
		2D7D68B421B935CB003A9173 /* Photos.swift */ = {isa = PBXFileReference; fileEncoding = 4; lastKnownFileType = sourcecode.swift; path = Photos.swift; sourceTree = "<group>"; };
		2D7D68B521B935CB003A9173 /* Viewport.swift */ = {isa = PBXFileReference; fileEncoding = 4; lastKnownFileType = sourcecode.swift; path = Viewport.swift; sourceTree = "<group>"; };
		2D7D68B621B935CB003A9173 /* Opening_hours.swift */ = {isa = PBXFileReference; fileEncoding = 4; lastKnownFileType = sourcecode.swift; path = Opening_hours.swift; sourceTree = "<group>"; };
		2D7D68B721B935CB003A9173 /* Northeast.swift */ = {isa = PBXFileReference; fileEncoding = 4; lastKnownFileType = sourcecode.swift; path = Northeast.swift; sourceTree = "<group>"; };
		2D7D68B821B935CB003A9173 /* Location.swift */ = {isa = PBXFileReference; fileEncoding = 4; lastKnownFileType = sourcecode.swift; path = Location.swift; sourceTree = "<group>"; };
		2D7D68B921B935CB003A9173 /* Plus_code.swift */ = {isa = PBXFileReference; fileEncoding = 4; lastKnownFileType = sourcecode.swift; path = Plus_code.swift; sourceTree = "<group>"; };
		2D7D68BA21B935CB003A9173 /* Geometry.swift */ = {isa = PBXFileReference; fileEncoding = 4; lastKnownFileType = sourcecode.swift; path = Geometry.swift; sourceTree = "<group>"; };
		2D7D68BB21B935CB003A9173 /* Results.swift */ = {isa = PBXFileReference; fileEncoding = 4; lastKnownFileType = sourcecode.swift; path = Results.swift; sourceTree = "<group>"; };
		2D7D68BC21B935CB003A9173 /* Southwest.swift */ = {isa = PBXFileReference; fileEncoding = 4; lastKnownFileType = sourcecode.swift; path = Southwest.swift; sourceTree = "<group>"; };
		2D7D68BD21B935CB003A9173 /* AllMainData.swift */ = {isa = PBXFileReference; fileEncoding = 4; lastKnownFileType = sourcecode.swift; path = AllMainData.swift; sourceTree = "<group>"; };
		2D8622E820DCCD12002A683C /* AlamafireDemo.app */ = {isa = PBXFileReference; explicitFileType = wrapper.application; includeInIndex = 0; path = AlamafireDemo.app; sourceTree = BUILT_PRODUCTS_DIR; };
		2D8622EB20DCCD12002A683C /* AppDelegate.swift */ = {isa = PBXFileReference; lastKnownFileType = sourcecode.swift; path = AppDelegate.swift; sourceTree = "<group>"; };
		2D8622F020DCCD12002A683C /* Base */ = {isa = PBXFileReference; lastKnownFileType = file.storyboard; name = Base; path = Base.lproj/Main.storyboard; sourceTree = "<group>"; };
		2D8622F220DCCD12002A683C /* Assets.xcassets */ = {isa = PBXFileReference; lastKnownFileType = folder.assetcatalog; path = Assets.xcassets; sourceTree = "<group>"; };
		2D8622F520DCCD12002A683C /* Base */ = {isa = PBXFileReference; lastKnownFileType = file.storyboard; name = Base; path = Base.lproj/LaunchScreen.storyboard; sourceTree = "<group>"; };
		2D8622F720DCCD12002A683C /* Info.plist */ = {isa = PBXFileReference; lastKnownFileType = text.plist.xml; path = Info.plist; sourceTree = "<group>"; };
		2D8622FC20DCCD13002A683C /* AlamafireDemoTests.xctest */ = {isa = PBXFileReference; explicitFileType = wrapper.cfbundle; includeInIndex = 0; path = AlamafireDemoTests.xctest; sourceTree = BUILT_PRODUCTS_DIR; };
		2D86230020DCCD13002A683C /* AlamafireDemoTests.swift */ = {isa = PBXFileReference; lastKnownFileType = sourcecode.swift; path = AlamafireDemoTests.swift; sourceTree = "<group>"; };
		2D86230220DCCD13002A683C /* Info.plist */ = {isa = PBXFileReference; lastKnownFileType = text.plist.xml; path = Info.plist; sourceTree = "<group>"; };
		2D86230720DCCD13002A683C /* AlamafireDemoUITests.xctest */ = {isa = PBXFileReference; explicitFileType = wrapper.cfbundle; includeInIndex = 0; path = AlamafireDemoUITests.xctest; sourceTree = BUILT_PRODUCTS_DIR; };
		2D86230B20DCCD13002A683C /* AlamafireDemoUITests.swift */ = {isa = PBXFileReference; lastKnownFileType = sourcecode.swift; path = AlamafireDemoUITests.swift; sourceTree = "<group>"; };
		2D86230D20DCCD13002A683C /* Info.plist */ = {isa = PBXFileReference; lastKnownFileType = text.plist.xml; path = Info.plist; sourceTree = "<group>"; };
		2DABC6D521D0FFE200EF6701 /* SendDataVC.swift */ = {isa = PBXFileReference; lastKnownFileType = sourcecode.swift; path = SendDataVC.swift; sourceTree = "<group>"; };
		2DABC6D721D1113A00EF6701 /* MainAddress.swift */ = {isa = PBXFileReference; fileEncoding = 4; lastKnownFileType = sourcecode.swift; path = MainAddress.swift; sourceTree = "<group>"; };
		2DABC6D821D1113A00EF6701 /* MainCompany.swift */ = {isa = PBXFileReference; fileEncoding = 4; lastKnownFileType = sourcecode.swift; path = MainCompany.swift; sourceTree = "<group>"; };
		2DABC6D921D1113A00EF6701 /* MainCodeAbleJson.swift */ = {isa = PBXFileReference; fileEncoding = 4; lastKnownFileType = sourcecode.swift; path = MainCodeAbleJson.swift; sourceTree = "<group>"; };
		2DABC6DA21D1113A00EF6701 /* MainGeo.swift */ = {isa = PBXFileReference; fileEncoding = 4; lastKnownFileType = sourcecode.swift; path = MainGeo.swift; sourceTree = "<group>"; };
		2DAFADD521CCC8C500BF0F88 /* CountryData1.swift */ = {isa = PBXFileReference; fileEncoding = 4; lastKnownFileType = sourcecode.swift; name = CountryData1.swift; path = ../../../../../../Downloads/codegen_5c1c90f1e03f0/CountryData1.swift; sourceTree = "<group>"; };
		2DAFADD621CCC8C500BF0F88 /* CountryListMain.swift */ = {isa = PBXFileReference; fileEncoding = 4; lastKnownFileType = sourcecode.swift; path = CountryListMain.swift; sourceTree = "<group>"; };
		2DC5573B21B7A0AC000E77AF /* SqlProfileCell.swift */ = {isa = PBXFileReference; lastKnownFileType = sourcecode.swift; path = SqlProfileCell.swift; sourceTree = "<group>"; };
		2DC5573C21B7A0AC000E77AF /* SqlProfileCell.xib */ = {isa = PBXFileReference; lastKnownFileType = file.xib; path = SqlProfileCell.xib; sourceTree = "<group>"; };
		2DC5573F21B7A0BD000E77AF /* SqlProfileVC.swift */ = {isa = PBXFileReference; lastKnownFileType = sourcecode.swift; path = SqlProfileVC.swift; sourceTree = "<group>"; };
		2DC5574221B7B3EF000E77AF /* Constant.swift */ = {isa = PBXFileReference; lastKnownFileType = sourcecode.swift; path = Constant.swift; sourceTree = "<group>"; };
		2DC5574621B7C7CD000E77AF /* UITextField+TextFieldFunc.swift */ = {isa = PBXFileReference; lastKnownFileType = sourcecode.swift; path = "UITextField+TextFieldFunc.swift"; sourceTree = "<group>"; };
		2DC5574821B7C9E0000E77AF /* UIDate+GlobalDateFunc.swift */ = {isa = PBXFileReference; lastKnownFileType = sourcecode.swift; path = "UIDate+GlobalDateFunc.swift"; sourceTree = "<group>"; };
		2DC5574A21B7CA22000E77AF /* UIImage+GlobalImageFunc.swift */ = {isa = PBXFileReference; lastKnownFileType = sourcecode.swift; path = "UIImage+GlobalImageFunc.swift"; sourceTree = "<group>"; };
		2DC5574C21B7CA6E000E77AF /* UIColor+GlobalUIColorFunc.swift */ = {isa = PBXFileReference; lastKnownFileType = sourcecode.swift; path = "UIColor+GlobalUIColorFunc.swift"; sourceTree = "<group>"; };
		2DC5574F21B7DA87000E77AF /* new.swift */ = {isa = PBXFileReference; fileEncoding = 4; lastKnownFileType = sourcecode.swift; path = new.swift; sourceTree = "<group>"; };
		2DC5575021B7DA87000E77AF /* String+Shortcuts.swift */ = {isa = PBXFileReference; fileEncoding = 4; lastKnownFileType = sourcecode.swift; path = "String+Shortcuts.swift"; sourceTree = "<group>"; };
		2DC5575121B7DA87000E77AF /* UIColor+CustomColor.swift */ = {isa = PBXFileReference; fileEncoding = 4; lastKnownFileType = sourcecode.swift; path = "UIColor+CustomColor.swift"; sourceTree = "<group>"; };
		2DC5575521B7E2E8000E77AF /* UIAlertView+GlobelFunc.swift */ = {isa = PBXFileReference; lastKnownFileType = sourcecode.swift; path = "UIAlertView+GlobelFunc.swift"; sourceTree = "<group>"; };
		2DC5575B21B804CA000E77AF /* libsqlite3.tbd */ = {isa = PBXFileReference; lastKnownFileType = "sourcecode.text-based-dylib-definition"; name = libsqlite3.tbd; path = usr/lib/libsqlite3.tbd; sourceTree = SDKROOT; };
		2DFC541C21A6A771002393A3 /* Alamofire.framework */ = {isa = PBXFileReference; explicitFileType = wrapper.framework; path = Alamofire.framework; sourceTree = BUILT_PRODUCTS_DIR; };
		2DFC541E21A6A771002393A3 /* AlamofireJsonToObjects.framework */ = {isa = PBXFileReference; explicitFileType = wrapper.framework; path = AlamofireJsonToObjects.framework; sourceTree = BUILT_PRODUCTS_DIR; };
		2DFC542621A6AE97002393A3 /* ContactMainModel.swift */ = {isa = PBXFileReference; fileEncoding = 4; lastKnownFileType = sourcecode.swift; path = ContactMainModel.swift; sourceTree = "<group>"; };
		2DFC542721A6AE97002393A3 /* Phone.swift */ = {isa = PBXFileReference; fileEncoding = 4; lastKnownFileType = sourcecode.swift; path = Phone.swift; sourceTree = "<group>"; };
		2DFC542821A6AE97002393A3 /* Contacts.swift */ = {isa = PBXFileReference; fileEncoding = 4; lastKnownFileType = sourcecode.swift; path = Contacts.swift; sourceTree = "<group>"; };
		2DFF22B621D1FB6D00DFFD75 /* UIWindow.swift */ = {isa = PBXFileReference; lastKnownFileType = sourcecode.swift; path = UIWindow.swift; sourceTree = "<group>"; };
		2DFF22B821D2459E00DFFD75 /* TagVC.swift */ = {isa = PBXFileReference; lastKnownFileType = sourcecode.swift; path = TagVC.swift; sourceTree = "<group>"; };
		2DFF22BA21D259F800DFFD75 /* DynamicVC.swift */ = {isa = PBXFileReference; lastKnownFileType = sourcecode.swift; path = DynamicVC.swift; sourceTree = "<group>"; };
		2DFF22BC21D268DD00DFFD75 /* UIView+Method.swift */ = {isa = PBXFileReference; lastKnownFileType = sourcecode.swift; path = "UIView+Method.swift"; sourceTree = "<group>"; };
		9898141198618FB2123A831D /* Pods-AlamafireDemo.release.xcconfig */ = {isa = PBXFileReference; includeInIndex = 1; lastKnownFileType = text.xcconfig; name = "Pods-AlamafireDemo.release.xcconfig"; path = "Pods/Target Support Files/Pods-AlamafireDemo/Pods-AlamafireDemo.release.xcconfig"; sourceTree = "<group>"; };
		A10FBE1D4ADAC62B10344C84 /* Pods_AlamafireDemo.framework */ = {isa = PBXFileReference; explicitFileType = wrapper.framework; includeInIndex = 0; path = Pods_AlamafireDemo.framework; sourceTree = BUILT_PRODUCTS_DIR; };
		E33D29FA0F4CD3DF3DD0496F /* Pods-AlamafireDemo.debug.xcconfig */ = {isa = PBXFileReference; includeInIndex = 1; lastKnownFileType = text.xcconfig; name = "Pods-AlamafireDemo.debug.xcconfig"; path = "Pods/Target Support Files/Pods-AlamafireDemo/Pods-AlamafireDemo.debug.xcconfig"; sourceTree = "<group>"; };
/* End PBXFileReference section */

/* Begin PBXFrameworksBuildPhase section */
		2D8622E520DCCD12002A683C /* Frameworks */ = {
			isa = PBXFrameworksBuildPhase;
			buildActionMask = 2147483647;
			files = (
				2DC5575C21B804CA000E77AF /* libsqlite3.tbd in Frameworks */,
				B53F2D676F39D576A5CEA9CD /* Pods_AlamafireDemo.framework in Frameworks */,
			);
			runOnlyForDeploymentPostprocessing = 0;
		};
		2D8622F920DCCD13002A683C /* Frameworks */ = {
			isa = PBXFrameworksBuildPhase;
			buildActionMask = 2147483647;
			files = (
			);
			runOnlyForDeploymentPostprocessing = 0;
		};
		2D86230420DCCD13002A683C /* Frameworks */ = {
			isa = PBXFrameworksBuildPhase;
			buildActionMask = 2147483647;
			files = (
			);
			runOnlyForDeploymentPostprocessing = 0;
		};
/* End PBXFrameworksBuildPhase section */

/* Begin PBXGroup section */
		2D06500121B6630E00B744CC /* ViewController */ = {
			isa = PBXGroup;
			children = (
				2D06500621B6635500B744CC /* LoginVC.swift */,
				2D06500221B6635500B744CC /* ProfileVC.swift */,
				2D06500521B6635500B744CC /* Project.swift */,
				2D06500421B6635500B744CC /* RegisterVC.swift */,
				2D06500821B6635500B744CC /* TableViewCell.swift */,
				2D06500321B6635500B744CC /* UploadImageVC.swift */,
				2DABC6D521D0FFE200EF6701 /* SendDataVC.swift */,
				2D06500721B6635500B744CC /* ViewController.swift */,
				2D06502121B68BC700B744CC /* CodeableVC.swift */,
				2DC5573F21B7A0BD000E77AF /* SqlProfileVC.swift */,
				2DFF22B821D2459E00DFFD75 /* TagVC.swift */,
				2DFF22BA21D259F800DFFD75 /* DynamicVC.swift */,
			);
			path = ViewController;
			sourceTree = "<group>";
		};
		2D06501221B6638000B744CC /* Extension */ = {
			isa = PBXGroup;
			children = (
				2DC5574621B7C7CD000E77AF /* UITextField+TextFieldFunc.swift */,
				2DC5574821B7C9E0000E77AF /* UIDate+GlobalDateFunc.swift */,
				2DC5574A21B7CA22000E77AF /* UIImage+GlobalImageFunc.swift */,
				2DC5574C21B7CA6E000E77AF /* UIColor+GlobalUIColorFunc.swift */,
				2DC5575521B7E2E8000E77AF /* UIAlertView+GlobelFunc.swift */,
				2DFF22B621D1FB6D00DFFD75 /* UIWindow.swift */,
			);
			path = Extension;
			sourceTree = "<group>";
		};
		2D06501821B663C900B744CC /* Views */ = {
			isa = PBXGroup;
			children = (
				2D06501921B663F500B744CC /* ListCell.swift */,
				2D06501A21B663F500B744CC /* ListCell.xib */,
				2D06502321B6906400B744CC /* CodableleList.swift */,
				2D06502421B6906400B744CC /* CodableleList.xib */,
				2DC5573B21B7A0AC000E77AF /* SqlProfileCell.swift */,
				2DC5573C21B7A0AC000E77AF /* SqlProfileCell.xib */,
			);
			path = Views;
			sourceTree = "<group>";
		};
		2D8622DF20DCCD12002A683C = {
			isa = PBXGroup;
			children = (
				2D8622EA20DCCD12002A683C /* AlamafireDemo */,
				2D8622FF20DCCD13002A683C /* AlamafireDemoTests */,
				2D86230A20DCCD13002A683C /* AlamafireDemoUITests */,
				2D8622E920DCCD12002A683C /* Products */,
				AD289A2276C4C4F8F27B4933 /* Pods */,
				687EAD3C681EBD3B1EDC3F09 /* Frameworks */,
			);
			sourceTree = "<group>";
		};
		2D8622E920DCCD12002A683C /* Products */ = {
			isa = PBXGroup;
			children = (
				2D8622E820DCCD12002A683C /* AlamafireDemo.app */,
				2D8622FC20DCCD13002A683C /* AlamafireDemoTests.xctest */,
				2D86230720DCCD13002A683C /* AlamafireDemoUITests.xctest */,
			);
			name = Products;
			sourceTree = "<group>";
		};
		2D8622EA20DCCD12002A683C /* AlamafireDemo */ = {
			isa = PBXGroup;
			children = (
				2D8622EB20DCCD12002A683C /* AppDelegate.swift */,
				2D06500121B6630E00B744CC /* ViewController */,
				2D06501821B663C900B744CC /* Views */,
				2DC5574E21B7DA87000E77AF /* SwiftFiles */,
				2DFC542521A6AE7E002393A3 /* Model */,
				2D06501221B6638000B744CC /* Extension */,
				2DC5574121B7B23D000E77AF /* Constant */,
				2D8622EF20DCCD12002A683C /* Main.storyboard */,
				2D1ED22D21BA451800C562F6 /* RPicker.swift */,
				2D2A8EAE21AE6F0A00ED7101 /* GoogleService-Info.plist */,
				2D8622F220DCCD12002A683C /* Assets.xcassets */,
				2D8622F420DCCD12002A683C /* LaunchScreen.storyboard */,
				2D8622F720DCCD12002A683C /* Info.plist */,
			);
			path = AlamafireDemo;
			sourceTree = "<group>";
		};
		2D8622FF20DCCD13002A683C /* AlamafireDemoTests */ = {
			isa = PBXGroup;
			children = (
				2D86230020DCCD13002A683C /* AlamafireDemoTests.swift */,
				2D86230220DCCD13002A683C /* Info.plist */,
			);
			path = AlamafireDemoTests;
			sourceTree = "<group>";
		};
		2D86230A20DCCD13002A683C /* AlamafireDemoUITests */ = {
			isa = PBXGroup;
			children = (
				2D86230B20DCCD13002A683C /* AlamafireDemoUITests.swift */,
				2D86230D20DCCD13002A683C /* Info.plist */,
			);
			path = AlamafireDemoUITests;
			sourceTree = "<group>";
		};
		2DC5574121B7B23D000E77AF /* Constant */ = {
			isa = PBXGroup;
			children = (
				2DC5574221B7B3EF000E77AF /* Constant.swift */,
			);
			path = Constant;
			sourceTree = "<group>";
		};
		2DC5574E21B7DA87000E77AF /* SwiftFiles */ = {
			isa = PBXGroup;
			children = (
				2DC5574F21B7DA87000E77AF /* new.swift */,
				2DC5575021B7DA87000E77AF /* String+Shortcuts.swift */,
				2DC5575121B7DA87000E77AF /* UIColor+CustomColor.swift */,
				2DFF22BC21D268DD00DFFD75 /* UIView+Method.swift */,
			);
			path = SwiftFiles;
			sourceTree = "<group>";
		};
		2DFC542521A6AE7E002393A3 /* Model */ = {
			isa = PBXGroup;
			children = (
				2DABC6D721D1113A00EF6701 /* MainAddress.swift */,
				2DABC6D921D1113A00EF6701 /* MainCodeAbleJson.swift */,
				2DABC6D821D1113A00EF6701 /* MainCompany.swift */,
				2DABC6DA21D1113A00EF6701 /* MainGeo.swift */,
				2DAFADD521CCC8C500BF0F88 /* CountryData1.swift */,
				2DAFADD621CCC8C500BF0F88 /* CountryListMain.swift */,
				2D7A59C121CBADCD00FB7D5B /*  address1.swift */,
				2D7A59C021CBADCD00FB7D5B /* Company1.swift */,
				2D7A59C321CBADCE00FB7D5B /* Geo1.swift */,
				2D7A59C221CBADCD00FB7D5B /* MainUrlDataModel.swift */,
				2D7D68BD21B935CB003A9173 /* AllMainData.swift */,
				2D7D68BA21B935CB003A9173 /* Geometry.swift */,
				2D7D68B821B935CB003A9173 /* Location.swift */,
				2D7D68B721B935CB003A9173 /* Northeast.swift */,
				2D7D68B621B935CB003A9173 /* Opening_hours.swift */,
				2D7D68B421B935CB003A9173 /* Photos.swift */,
				2D7D68B921B935CB003A9173 /* Plus_code.swift */,
				2D7D68BB21B935CB003A9173 /* Results.swift */,
				2D7D68BC21B935CB003A9173 /* Southwest.swift */,
				2D7D68B521B935CB003A9173 /* Viewport.swift */,
				2D06502B21B6A62100B744CC /* CountryMainModel.swift */,
				2D06502C21B6A62100B744CC /* Data.swift */,
				2D06502821B698C500B744CC /* CountryData.swift */,
				2D06502721B698C500B744CC /* countryModel.swift */,
				2D2C196521A8294900D770AA /* Address.swift */,
				2D2C196621A8294900D770AA /* Company.swift */,
				2D2C196721A8294900D770AA /* Geo.swift */,
				2D2C196821A8294900D770AA /* MainModelData.swift */,
				2DFC542621A6AE97002393A3 /* ContactMainModel.swift */,
				2DFC542821A6AE97002393A3 /* Contacts.swift */,
				2DFC542721A6AE97002393A3 /* Phone.swift */,
			);
			path = Model;
			sourceTree = "<group>";
		};
		687EAD3C681EBD3B1EDC3F09 /* Frameworks */ = {
			isa = PBXGroup;
			children = (
				2DC5575B21B804CA000E77AF /* libsqlite3.tbd */,
				2DFC541C21A6A771002393A3 /* Alamofire.framework */,
				2DFC541E21A6A771002393A3 /* AlamofireJsonToObjects.framework */,
				A10FBE1D4ADAC62B10344C84 /* Pods_AlamafireDemo.framework */,
			);
			name = Frameworks;
			sourceTree = "<group>";
		};
		AD289A2276C4C4F8F27B4933 /* Pods */ = {
			isa = PBXGroup;
			children = (
				E33D29FA0F4CD3DF3DD0496F /* Pods-AlamafireDemo.debug.xcconfig */,
				9898141198618FB2123A831D /* Pods-AlamafireDemo.release.xcconfig */,
			);
			name = Pods;
			sourceTree = "<group>";
		};
/* End PBXGroup section */

/* Begin PBXNativeTarget section */
		2D8622E720DCCD12002A683C /* AlamafireDemo */ = {
			isa = PBXNativeTarget;
			buildConfigurationList = 2D86231020DCCD13002A683C /* Build configuration list for PBXNativeTarget "AlamafireDemo" */;
			buildPhases = (
				5F0518898EF7189AFE489779 /* [CP] Check Pods Manifest.lock */,
				2D8622E420DCCD12002A683C /* Sources */,
				2D8622E520DCCD12002A683C /* Frameworks */,
				2D8622E620DCCD12002A683C /* Resources */,
				6DD5E429953A1EDDF46B3541 /* [CP] Embed Pods Frameworks */,
			);
			buildRules = (
			);
			dependencies = (
			);
			name = AlamafireDemo;
			productName = AlamafireDemo;
			productReference = 2D8622E820DCCD12002A683C /* AlamafireDemo.app */;
			productType = "com.apple.product-type.application";
		};
		2D8622FB20DCCD13002A683C /* AlamafireDemoTests */ = {
			isa = PBXNativeTarget;
			buildConfigurationList = 2D86231320DCCD13002A683C /* Build configuration list for PBXNativeTarget "AlamafireDemoTests" */;
			buildPhases = (
				2D8622F820DCCD13002A683C /* Sources */,
				2D8622F920DCCD13002A683C /* Frameworks */,
				2D8622FA20DCCD13002A683C /* Resources */,
			);
			buildRules = (
			);
			dependencies = (
				2D8622FE20DCCD13002A683C /* PBXTargetDependency */,
			);
			name = AlamafireDemoTests;
			productName = AlamafireDemoTests;
			productReference = 2D8622FC20DCCD13002A683C /* AlamafireDemoTests.xctest */;
			productType = "com.apple.product-type.bundle.unit-test";
		};
		2D86230620DCCD13002A683C /* AlamafireDemoUITests */ = {
			isa = PBXNativeTarget;
			buildConfigurationList = 2D86231620DCCD13002A683C /* Build configuration list for PBXNativeTarget "AlamafireDemoUITests" */;
			buildPhases = (
				2D86230320DCCD13002A683C /* Sources */,
				2D86230420DCCD13002A683C /* Frameworks */,
				2D86230520DCCD13002A683C /* Resources */,
			);
			buildRules = (
			);
			dependencies = (
				2D86230920DCCD13002A683C /* PBXTargetDependency */,
			);
			name = AlamafireDemoUITests;
			productName = AlamafireDemoUITests;
			productReference = 2D86230720DCCD13002A683C /* AlamafireDemoUITests.xctest */;
			productType = "com.apple.product-type.bundle.ui-testing";
		};
/* End PBXNativeTarget section */

/* Begin PBXProject section */
		2D8622E020DCCD12002A683C /* Project object */ = {
			isa = PBXProject;
			attributes = {
				LastSwiftUpdateCheck = 0920;
				LastUpgradeCheck = 0920;
				ORGANIZATIONNAME = "Verve Mac";
				TargetAttributes = {
					2D8622E720DCCD12002A683C = {
						CreatedOnToolsVersion = 9.2;
						ProvisioningStyle = Automatic;
					};
					2D8622FB20DCCD13002A683C = {
						CreatedOnToolsVersion = 9.2;
						ProvisioningStyle = Automatic;
						TestTargetID = 2D8622E720DCCD12002A683C;
					};
					2D86230620DCCD13002A683C = {
						CreatedOnToolsVersion = 9.2;
						ProvisioningStyle = Automatic;
						TestTargetID = 2D8622E720DCCD12002A683C;
					};
				};
			};
			buildConfigurationList = 2D8622E320DCCD12002A683C /* Build configuration list for PBXProject "AlamafireDemo" */;
			compatibilityVersion = "Xcode 8.0";
			developmentRegion = en;
			hasScannedForEncodings = 0;
			knownRegions = (
				en,
				Base,
			);
			mainGroup = 2D8622DF20DCCD12002A683C;
			productRefGroup = 2D8622E920DCCD12002A683C /* Products */;
			projectDirPath = "";
			projectRoot = "";
			targets = (
				2D8622E720DCCD12002A683C /* AlamafireDemo */,
				2D8622FB20DCCD13002A683C /* AlamafireDemoTests */,
				2D86230620DCCD13002A683C /* AlamafireDemoUITests */,
			);
		};
/* End PBXProject section */

/* Begin PBXResourcesBuildPhase section */
		2D8622E620DCCD12002A683C /* Resources */ = {
			isa = PBXResourcesBuildPhase;
			buildActionMask = 2147483647;
			files = (
				2D2A8EAF21AE6F0A00ED7101 /* GoogleService-Info.plist in Resources */,
				2D8622F620DCCD12002A683C /* LaunchScreen.storyboard in Resources */,
				2D8622F320DCCD12002A683C /* Assets.xcassets in Resources */,
				2DC5573E21B7A0AC000E77AF /* SqlProfileCell.xib in Resources */,
				2D8622F120DCCD12002A683C /* Main.storyboard in Resources */,
				2D06501C21B663F500B744CC /* ListCell.xib in Resources */,
				2D06502621B6906400B744CC /* CodableleList.xib in Resources */,
			);
			runOnlyForDeploymentPostprocessing = 0;
		};
		2D8622FA20DCCD13002A683C /* Resources */ = {
			isa = PBXResourcesBuildPhase;
			buildActionMask = 2147483647;
			files = (
			);
			runOnlyForDeploymentPostprocessing = 0;
		};
		2D86230520DCCD13002A683C /* Resources */ = {
			isa = PBXResourcesBuildPhase;
			buildActionMask = 2147483647;
			files = (
			);
			runOnlyForDeploymentPostprocessing = 0;
		};
/* End PBXResourcesBuildPhase section */

/* Begin PBXShellScriptBuildPhase section */
		5F0518898EF7189AFE489779 /* [CP] Check Pods Manifest.lock */ = {
			isa = PBXShellScriptBuildPhase;
			buildActionMask = 2147483647;
			files = (
			);
			inputPaths = (
				"${PODS_PODFILE_DIR_PATH}/Podfile.lock",
				"${PODS_ROOT}/Manifest.lock",
			);
			name = "[CP] Check Pods Manifest.lock";
			outputPaths = (
				"$(DERIVED_FILE_DIR)/Pods-AlamafireDemo-checkManifestLockResult.txt",
			);
			runOnlyForDeploymentPostprocessing = 0;
			shellPath = /bin/sh;
			shellScript = "diff \"${PODS_PODFILE_DIR_PATH}/Podfile.lock\" \"${PODS_ROOT}/Manifest.lock\" > /dev/null\nif [ $? != 0 ] ; then\n    # print error to STDERR\n    echo \"error: The sandbox is not in sync with the Podfile.lock. Run 'pod install' or update your CocoaPods installation.\" >&2\n    exit 1\nfi\n# This output is used by Xcode 'outputs' to avoid re-running this script phase.\necho \"SUCCESS\" > \"${SCRIPT_OUTPUT_FILE_0}\"\n";
			showEnvVarsInLog = 0;
		};
		6DD5E429953A1EDDF46B3541 /* [CP] Embed Pods Frameworks */ = {
			isa = PBXShellScriptBuildPhase;
			buildActionMask = 2147483647;
			files = (
			);
			inputPaths = (
				"${SRCROOT}/Pods/Target Support Files/Pods-AlamafireDemo/Pods-AlamafireDemo-frameworks.sh",
				"${BUILT_PRODUCTS_DIR}/Alamofire/Alamofire.framework",
				"${BUILT_PRODUCTS_DIR}/AlamofireObjectMapper/AlamofireObjectMapper.framework",
				"${BUILT_PRODUCTS_DIR}/GTMSessionFetcher/GTMSessionFetcher.framework",
				"${BUILT_PRODUCTS_DIR}/GoogleToolboxForMac/GoogleToolboxForMac.framework",
				"${BUILT_PRODUCTS_DIR}/IQKeyboardManagerSwift/IQKeyboardManagerSwift.framework",
				"${BUILT_PRODUCTS_DIR}/NVActivityIndicatorView/NVActivityIndicatorView.framework",
				"${BUILT_PRODUCTS_DIR}/NVPullToRefresh/NVPullToRefresh.framework",
				"${BUILT_PRODUCTS_DIR}/ObjectMapper/ObjectMapper.framework",
				"${BUILT_PRODUCTS_DIR}/PullToRefresher/PullToRefresh.framework",
				"${BUILT_PRODUCTS_DIR}/SDWebImage/SDWebImage.framework",
				"${BUILT_PRODUCTS_DIR}/SVProgressHUD/SVProgressHUD.framework",
				"${BUILT_PRODUCTS_DIR}/TagControl/TagControl.framework",
				"${BUILT_PRODUCTS_DIR}/UnderLineTextField/UnderLineTextField.framework",
				"${BUILT_PRODUCTS_DIR}/leveldb-library/leveldb.framework",
				"${BUILT_PRODUCTS_DIR}/nanopb/nanopb.framework",
			);
			name = "[CP] Embed Pods Frameworks";
			outputPaths = (
				"${TARGET_BUILD_DIR}/${FRAMEWORKS_FOLDER_PATH}/Alamofire.framework",
				"${TARGET_BUILD_DIR}/${FRAMEWORKS_FOLDER_PATH}/AlamofireObjectMapper.framework",
				"${TARGET_BUILD_DIR}/${FRAMEWORKS_FOLDER_PATH}/GTMSessionFetcher.framework",
				"${TARGET_BUILD_DIR}/${FRAMEWORKS_FOLDER_PATH}/GoogleToolboxForMac.framework",
				"${TARGET_BUILD_DIR}/${FRAMEWORKS_FOLDER_PATH}/IQKeyboardManagerSwift.framework",
				"${TARGET_BUILD_DIR}/${FRAMEWORKS_FOLDER_PATH}/NVActivityIndicatorView.framework",
				"${TARGET_BUILD_DIR}/${FRAMEWORKS_FOLDER_PATH}/NVPullToRefresh.framework",
				"${TARGET_BUILD_DIR}/${FRAMEWORKS_FOLDER_PATH}/ObjectMapper.framework",
				"${TARGET_BUILD_DIR}/${FRAMEWORKS_FOLDER_PATH}/PullToRefresh.framework",
				"${TARGET_BUILD_DIR}/${FRAMEWORKS_FOLDER_PATH}/SDWebImage.framework",
				"${TARGET_BUILD_DIR}/${FRAMEWORKS_FOLDER_PATH}/SVProgressHUD.framework",
				"${TARGET_BUILD_DIR}/${FRAMEWORKS_FOLDER_PATH}/TagControl.framework",
				"${TARGET_BUILD_DIR}/${FRAMEWORKS_FOLDER_PATH}/UnderLineTextField.framework",
				"${TARGET_BUILD_DIR}/${FRAMEWORKS_FOLDER_PATH}/leveldb.framework",
				"${TARGET_BUILD_DIR}/${FRAMEWORKS_FOLDER_PATH}/nanopb.framework",
			);
			runOnlyForDeploymentPostprocessing = 0;
			shellPath = /bin/sh;
			shellScript = "\"${SRCROOT}/Pods/Target Support Files/Pods-AlamafireDemo/Pods-AlamafireDemo-frameworks.sh\"\n";
			showEnvVarsInLog = 0;
		};
/* End PBXShellScriptBuildPhase section */

/* Begin PBXSourcesBuildPhase section */
		2D8622E420DCCD12002A683C /* Sources */ = {
			isa = PBXSourcesBuildPhase;
			buildActionMask = 2147483647;
			files = (
				2D06502221B68BC700B744CC /* CodeableVC.swift in Sources */,
				2D7A59C721CBADCE00FB7D5B /* Geo1.swift in Sources */,
				2D06502921B698C500B744CC /* countryModel.swift in Sources */,
				2D06502D21B6A62100B744CC /* CountryMainModel.swift in Sources */,
				2D06500A21B6635500B744CC /* ProfileVC.swift in Sources */,
				2D7D68C721B935CC003A9173 /* AllMainData.swift in Sources */,
				2DFC542A21A6AE97002393A3 /* Phone.swift in Sources */,
				2DFF22B721D1FB6D00DFFD75 /* UIWindow.swift in Sources */,
				2D7A59C421CBADCE00FB7D5B /* Company1.swift in Sources */,
				2DABC6DC21D1113A00EF6701 /* MainCompany.swift in Sources */,
				2D06502E21B6A62100B744CC /* Data.swift in Sources */,
				2DC5574721B7C7CD000E77AF /* UITextField+TextFieldFunc.swift in Sources */,
				2DC5574321B7B3EF000E77AF /* Constant.swift in Sources */,
				2D7D68C321B935CC003A9173 /* Plus_code.swift in Sources */,
				2D7D68C421B935CC003A9173 /* Geometry.swift in Sources */,
				2DABC6D621D0FFE200EF6701 /* SendDataVC.swift in Sources */,
				2DC5574021B7A0BD000E77AF /* SqlProfileVC.swift in Sources */,
				2DC5575621B7E2E8000E77AF /* UIAlertView+GlobelFunc.swift in Sources */,
				2DC5575321B7DA87000E77AF /* String+Shortcuts.swift in Sources */,
				2DAFADD721CCC8C500BF0F88 /* CountryData1.swift in Sources */,
				2D06502521B6906400B744CC /* CodableleList.swift in Sources */,
				2D7D68BE21B935CC003A9173 /* Photos.swift in Sources */,
				2DAFADD821CCC8C500BF0F88 /* CountryListMain.swift in Sources */,
				2DFF22BD21D268DD00DFFD75 /* UIView+Method.swift in Sources */,
				2DFC542B21A6AE97002393A3 /* Contacts.swift in Sources */,
				2D06501B21B663F500B744CC /* ListCell.swift in Sources */,
				2D7D68C021B935CC003A9173 /* Opening_hours.swift in Sources */,
				2D06501021B6635500B744CC /* TableViewCell.swift in Sources */,
				2DC5574B21B7CA22000E77AF /* UIImage+GlobalImageFunc.swift in Sources */,
				2D7D68C221B935CC003A9173 /* Location.swift in Sources */,
				2D2C196C21A8294900D770AA /* MainModelData.swift in Sources */,
				2D2C196B21A8294900D770AA /* Geo.swift in Sources */,
				2D7D68C521B935CC003A9173 /* Results.swift in Sources */,
				2DC5573D21B7A0AC000E77AF /* SqlProfileCell.swift in Sources */,
				2DABC6DB21D1113A00EF6701 /* MainAddress.swift in Sources */,
				2DC5574921B7C9E0000E77AF /* UIDate+GlobalDateFunc.swift in Sources */,
				2D06500B21B6635500B744CC /* UploadImageVC.swift in Sources */,
				2D06500D21B6635500B744CC /* Project.swift in Sources */,
				2D06502A21B698C500B744CC /* CountryData.swift in Sources */,
				2DC5575421B7DA87000E77AF /* UIColor+CustomColor.swift in Sources */,
				2DABC6DE21D1113A00EF6701 /* MainGeo.swift in Sources */,
				2DFF22BB21D259F800DFFD75 /* DynamicVC.swift in Sources */,
				2D06500F21B6635500B744CC /* ViewController.swift in Sources */,
				2D7A59C621CBADCE00FB7D5B /* MainUrlDataModel.swift in Sources */,
				2DFC542921A6AE97002393A3 /* ContactMainModel.swift in Sources */,
				2D06500E21B6635500B744CC /* LoginVC.swift in Sources */,
				2D7D68C121B935CC003A9173 /* Northeast.swift in Sources */,
				2DC5575221B7DA87000E77AF /* new.swift in Sources */,
				2D8622EC20DCCD12002A683C /* AppDelegate.swift in Sources */,
				2DC5574D21B7CA6E000E77AF /* UIColor+GlobalUIColorFunc.swift in Sources */,
				2D7A59C521CBADCE00FB7D5B /*  address1.swift in Sources */,
				2D06500C21B6635500B744CC /* RegisterVC.swift in Sources */,
				2D7D68BF21B935CC003A9173 /* Viewport.swift in Sources */,
				2D1ED22E21BA451800C562F6 /* RPicker.swift in Sources */,
				2D2C196921A8294900D770AA /* Address.swift in Sources */,
				2DABC6DD21D1113A00EF6701 /* MainCodeAbleJson.swift in Sources */,
				2D2C196A21A8294900D770AA /* Company.swift in Sources */,
				2D7D68C621B935CC003A9173 /* Southwest.swift in Sources */,
				2DFF22B921D2459E00DFFD75 /* TagVC.swift in Sources */,
			);
			runOnlyForDeploymentPostprocessing = 0;
		};
		2D8622F820DCCD13002A683C /* Sources */ = {
			isa = PBXSourcesBuildPhase;
			buildActionMask = 2147483647;
			files = (
				2D86230120DCCD13002A683C /* AlamafireDemoTests.swift in Sources */,
			);
			runOnlyForDeploymentPostprocessing = 0;
		};
		2D86230320DCCD13002A683C /* Sources */ = {
			isa = PBXSourcesBuildPhase;
			buildActionMask = 2147483647;
			files = (
				2D86230C20DCCD13002A683C /* AlamafireDemoUITests.swift in Sources */,
			);
			runOnlyForDeploymentPostprocessing = 0;
		};
/* End PBXSourcesBuildPhase section */

/* Begin PBXTargetDependency section */
		2D8622FE20DCCD13002A683C /* PBXTargetDependency */ = {
			isa = PBXTargetDependency;
			target = 2D8622E720DCCD12002A683C /* AlamafireDemo */;
			targetProxy = 2D8622FD20DCCD13002A683C /* PBXContainerItemProxy */;
		};
		2D86230920DCCD13002A683C /* PBXTargetDependency */ = {
			isa = PBXTargetDependency;
			target = 2D8622E720DCCD12002A683C /* AlamafireDemo */;
			targetProxy = 2D86230820DCCD13002A683C /* PBXContainerItemProxy */;
		};
/* End PBXTargetDependency section */

/* Begin PBXVariantGroup section */
		2D8622EF20DCCD12002A683C /* Main.storyboard */ = {
			isa = PBXVariantGroup;
			children = (
				2D8622F020DCCD12002A683C /* Base */,
			);
			name = Main.storyboard;
			sourceTree = "<group>";
		};
		2D8622F420DCCD12002A683C /* LaunchScreen.storyboard */ = {
			isa = PBXVariantGroup;
			children = (
				2D8622F520DCCD12002A683C /* Base */,
			);
			name = LaunchScreen.storyboard;
			sourceTree = "<group>";
		};
/* End PBXVariantGroup section */

/* Begin XCBuildConfiguration section */
		2D86230E20DCCD13002A683C /* Debug */ = {
			isa = XCBuildConfiguration;
			buildSettings = {
				ALWAYS_SEARCH_USER_PATHS = NO;
				CLANG_ANALYZER_NONNULL = YES;
				CLANG_ANALYZER_NUMBER_OBJECT_CONVERSION = YES_AGGRESSIVE;
				CLANG_CXX_LANGUAGE_STANDARD = "gnu++14";
				CLANG_CXX_LIBRARY = "libc++";
				CLANG_ENABLE_MODULES = YES;
				CLANG_ENABLE_OBJC_ARC = YES;
				CLANG_WARN_BLOCK_CAPTURE_AUTORELEASING = YES;
				CLANG_WARN_BOOL_CONVERSION = YES;
				CLANG_WARN_COMMA = YES;
				CLANG_WARN_CONSTANT_CONVERSION = YES;
				CLANG_WARN_DIRECT_OBJC_ISA_USAGE = YES_ERROR;
				CLANG_WARN_DOCUMENTATION_COMMENTS = YES;
				CLANG_WARN_EMPTY_BODY = YES;
				CLANG_WARN_ENUM_CONVERSION = YES;
				CLANG_WARN_INFINITE_RECURSION = YES;
				CLANG_WARN_INT_CONVERSION = YES;
				CLANG_WARN_NON_LITERAL_NULL_CONVERSION = YES;
				CLANG_WARN_OBJC_LITERAL_CONVERSION = YES;
				CLANG_WARN_OBJC_ROOT_CLASS = YES_ERROR;
				CLANG_WARN_RANGE_LOOP_ANALYSIS = YES;
				CLANG_WARN_STRICT_PROTOTYPES = YES;
				CLANG_WARN_SUSPICIOUS_MOVE = YES;
				CLANG_WARN_UNGUARDED_AVAILABILITY = YES_AGGRESSIVE;
				CLANG_WARN_UNREACHABLE_CODE = YES;
				CLANG_WARN__DUPLICATE_METHOD_MATCH = YES;
				CODE_SIGN_IDENTITY = "iPhone Developer";
				COPY_PHASE_STRIP = NO;
				DEBUG_INFORMATION_FORMAT = dwarf;
				ENABLE_STRICT_OBJC_MSGSEND = YES;
				ENABLE_TESTABILITY = YES;
				GCC_C_LANGUAGE_STANDARD = gnu11;
				GCC_DYNAMIC_NO_PIC = NO;
				GCC_NO_COMMON_BLOCKS = YES;
				GCC_OPTIMIZATION_LEVEL = 0;
				GCC_PREPROCESSOR_DEFINITIONS = (
					"DEBUG=1",
					"$(inherited)",
				);
				GCC_WARN_64_TO_32_BIT_CONVERSION = YES;
				GCC_WARN_ABOUT_RETURN_TYPE = YES_ERROR;
				GCC_WARN_UNDECLARED_SELECTOR = YES;
				GCC_WARN_UNINITIALIZED_AUTOS = YES_AGGRESSIVE;
				GCC_WARN_UNUSED_FUNCTION = YES;
				GCC_WARN_UNUSED_VARIABLE = YES;
				IPHONEOS_DEPLOYMENT_TARGET = 11.2;
				MTL_ENABLE_DEBUG_INFO = YES;
				ONLY_ACTIVE_ARCH = YES;
				SDKROOT = iphoneos;
				SWIFT_ACTIVE_COMPILATION_CONDITIONS = DEBUG;
				SWIFT_OPTIMIZATION_LEVEL = "-Onone";
			};
			name = Debug;
		};
		2D86230F20DCCD13002A683C /* Release */ = {
			isa = XCBuildConfiguration;
			buildSettings = {
				ALWAYS_SEARCH_USER_PATHS = NO;
				CLANG_ANALYZER_NONNULL = YES;
				CLANG_ANALYZER_NUMBER_OBJECT_CONVERSION = YES_AGGRESSIVE;
				CLANG_CXX_LANGUAGE_STANDARD = "gnu++14";
				CLANG_CXX_LIBRARY = "libc++";
				CLANG_ENABLE_MODULES = YES;
				CLANG_ENABLE_OBJC_ARC = YES;
				CLANG_WARN_BLOCK_CAPTURE_AUTORELEASING = YES;
				CLANG_WARN_BOOL_CONVERSION = YES;
				CLANG_WARN_COMMA = YES;
				CLANG_WARN_CONSTANT_CONVERSION = YES;
				CLANG_WARN_DIRECT_OBJC_ISA_USAGE = YES_ERROR;
				CLANG_WARN_DOCUMENTATION_COMMENTS = YES;
				CLANG_WARN_EMPTY_BODY = YES;
				CLANG_WARN_ENUM_CONVERSION = YES;
				CLANG_WARN_INFINITE_RECURSION = YES;
				CLANG_WARN_INT_CONVERSION = YES;
				CLANG_WARN_NON_LITERAL_NULL_CONVERSION = YES;
				CLANG_WARN_OBJC_LITERAL_CONVERSION = YES;
				CLANG_WARN_OBJC_ROOT_CLASS = YES_ERROR;
				CLANG_WARN_RANGE_LOOP_ANALYSIS = YES;
				CLANG_WARN_STRICT_PROTOTYPES = YES;
				CLANG_WARN_SUSPICIOUS_MOVE = YES;
				CLANG_WARN_UNGUARDED_AVAILABILITY = YES_AGGRESSIVE;
				CLANG_WARN_UNREACHABLE_CODE = YES;
				CLANG_WARN__DUPLICATE_METHOD_MATCH = YES;
				CODE_SIGN_IDENTITY = "iPhone Developer";
				COPY_PHASE_STRIP = NO;
				DEBUG_INFORMATION_FORMAT = "dwarf-with-dsym";
				ENABLE_NS_ASSERTIONS = NO;
				ENABLE_STRICT_OBJC_MSGSEND = YES;
				GCC_C_LANGUAGE_STANDARD = gnu11;
				GCC_NO_COMMON_BLOCKS = YES;
				GCC_WARN_64_TO_32_BIT_CONVERSION = YES;
				GCC_WARN_ABOUT_RETURN_TYPE = YES_ERROR;
				GCC_WARN_UNDECLARED_SELECTOR = YES;
				GCC_WARN_UNINITIALIZED_AUTOS = YES_AGGRESSIVE;
				GCC_WARN_UNUSED_FUNCTION = YES;
				GCC_WARN_UNUSED_VARIABLE = YES;
				IPHONEOS_DEPLOYMENT_TARGET = 11.2;
				MTL_ENABLE_DEBUG_INFO = NO;
				SDKROOT = iphoneos;
				SWIFT_OPTIMIZATION_LEVEL = "-Owholemodule";
				VALIDATE_PRODUCT = YES;
			};
			name = Release;
		};
		2D86231120DCCD13002A683C /* Debug */ = {
			isa = XCBuildConfiguration;
			baseConfigurationReference = E33D29FA0F4CD3DF3DD0496F /* Pods-AlamafireDemo.debug.xcconfig */;
			buildSettings = {
				ASSETCATALOG_COMPILER_APPICON_NAME = AppIcon;
				CODE_SIGN_STYLE = Automatic;
				INFOPLIST_FILE = AlamafireDemo/Info.plist;
				LD_RUNPATH_SEARCH_PATHS = "$(inherited) @executable_path/Frameworks";
				PRODUCT_BUNDLE_IDENTIFIER = com.test.AlamafireDemo;
				PRODUCT_NAME = "$(TARGET_NAME)";
				SWIFT_VERSION = 4.0;
				TARGETED_DEVICE_FAMILY = "1,2";
			};
			name = Debug;
		};
		2D86231220DCCD13002A683C /* Release */ = {
			isa = XCBuildConfiguration;
			baseConfigurationReference = 9898141198618FB2123A831D /* Pods-AlamafireDemo.release.xcconfig */;
			buildSettings = {
				ASSETCATALOG_COMPILER_APPICON_NAME = AppIcon;
				CODE_SIGN_STYLE = Automatic;
				INFOPLIST_FILE = AlamafireDemo/Info.plist;
				LD_RUNPATH_SEARCH_PATHS = "$(inherited) @executable_path/Frameworks";
				PRODUCT_BUNDLE_IDENTIFIER = com.test.AlamafireDemo;
				PRODUCT_NAME = "$(TARGET_NAME)";
				SWIFT_VERSION = 4.0;
				TARGETED_DEVICE_FAMILY = "1,2";
			};
			name = Release;
		};
		2D86231420DCCD13002A683C /* Debug */ = {
			isa = XCBuildConfiguration;
			buildSettings = {
				ALWAYS_EMBED_SWIFT_STANDARD_LIBRARIES = YES;
				BUNDLE_LOADER = "$(TEST_HOST)";
				CODE_SIGN_STYLE = Automatic;
				INFOPLIST_FILE = AlamafireDemoTests/Info.plist;
				LD_RUNPATH_SEARCH_PATHS = "$(inherited) @executable_path/Frameworks @loader_path/Frameworks";
				PRODUCT_BUNDLE_IDENTIFIER = com.test.AlamafireDemoTests;
				PRODUCT_NAME = "$(TARGET_NAME)";
				SWIFT_VERSION = 4.0;
				TARGETED_DEVICE_FAMILY = "1,2";
				TEST_HOST = "$(BUILT_PRODUCTS_DIR)/AlamafireDemo.app/AlamafireDemo";
			};
			name = Debug;
		};
		2D86231520DCCD13002A683C /* Release */ = {
			isa = XCBuildConfiguration;
			buildSettings = {
				ALWAYS_EMBED_SWIFT_STANDARD_LIBRARIES = YES;
				BUNDLE_LOADER = "$(TEST_HOST)";
				CODE_SIGN_STYLE = Automatic;
				INFOPLIST_FILE = AlamafireDemoTests/Info.plist;
				LD_RUNPATH_SEARCH_PATHS = "$(inherited) @executable_path/Frameworks @loader_path/Frameworks";
				PRODUCT_BUNDLE_IDENTIFIER = com.test.AlamafireDemoTests;
				PRODUCT_NAME = "$(TARGET_NAME)";
				SWIFT_VERSION = 4.0;
				TARGETED_DEVICE_FAMILY = "1,2";
				TEST_HOST = "$(BUILT_PRODUCTS_DIR)/AlamafireDemo.app/AlamafireDemo";
			};
			name = Release;
		};
		2D86231720DCCD13002A683C /* Debug */ = {
			isa = XCBuildConfiguration;
			buildSettings = {
				ALWAYS_EMBED_SWIFT_STANDARD_LIBRARIES = YES;
				CODE_SIGN_STYLE = Automatic;
				INFOPLIST_FILE = AlamafireDemoUITests/Info.plist;
				LD_RUNPATH_SEARCH_PATHS = "$(inherited) @executable_path/Frameworks @loader_path/Frameworks";
				PRODUCT_BUNDLE_IDENTIFIER = com.test.AlamafireDemoUITests;
				PRODUCT_NAME = "$(TARGET_NAME)";
				SWIFT_VERSION = 4.0;
				TARGETED_DEVICE_FAMILY = "1,2";
				TEST_TARGET_NAME = AlamafireDemo;
			};
			name = Debug;
		};
		2D86231820DCCD13002A683C /* Release */ = {
			isa = XCBuildConfiguration;
			buildSettings = {
				ALWAYS_EMBED_SWIFT_STANDARD_LIBRARIES = YES;
				CODE_SIGN_STYLE = Automatic;
				INFOPLIST_FILE = AlamafireDemoUITests/Info.plist;
				LD_RUNPATH_SEARCH_PATHS = "$(inherited) @executable_path/Frameworks @loader_path/Frameworks";
				PRODUCT_BUNDLE_IDENTIFIER = com.test.AlamafireDemoUITests;
				PRODUCT_NAME = "$(TARGET_NAME)";
				SWIFT_VERSION = 4.0;
				TARGETED_DEVICE_FAMILY = "1,2";
				TEST_TARGET_NAME = AlamafireDemo;
			};
			name = Release;
		};
/* End XCBuildConfiguration section */

/* Begin XCConfigurationList section */
		2D8622E320DCCD12002A683C /* Build configuration list for PBXProject "AlamafireDemo" */ = {
			isa = XCConfigurationList;
			buildConfigurations = (
				2D86230E20DCCD13002A683C /* Debug */,
				2D86230F20DCCD13002A683C /* Release */,
			);
			defaultConfigurationIsVisible = 0;
			defaultConfigurationName = Release;
		};
		2D86231020DCCD13002A683C /* Build configuration list for PBXNativeTarget "AlamafireDemo" */ = {
			isa = XCConfigurationList;
			buildConfigurations = (
				2D86231120DCCD13002A683C /* Debug */,
				2D86231220DCCD13002A683C /* Release */,
			);
			defaultConfigurationIsVisible = 0;
			defaultConfigurationName = Release;
		};
		2D86231320DCCD13002A683C /* Build configuration list for PBXNativeTarget "AlamafireDemoTests" */ = {
			isa = XCConfigurationList;
			buildConfigurations = (
				2D86231420DCCD13002A683C /* Debug */,
				2D86231520DCCD13002A683C /* Release */,
			);
			defaultConfigurationIsVisible = 0;
			defaultConfigurationName = Release;
		};
		2D86231620DCCD13002A683C /* Build configuration list for PBXNativeTarget "AlamafireDemoUITests" */ = {
			isa = XCConfigurationList;
			buildConfigurations = (
				2D86231720DCCD13002A683C /* Debug */,
				2D86231820DCCD13002A683C /* Release */,
			);
			defaultConfigurationIsVisible = 0;
			defaultConfigurationName = Release;
		};
/* End XCConfigurationList section */
	};
	rootObject = 2D8622E020DCCD12002A683C /* Project object */;
}
